// !$*UTF8*$!
{
	archiveVersion = 1;
	classes = {
	};
	objectVersion = 50;
	objects = {

/* Begin PBXBuildFile section */
		2329E1E7210BC231007606A5 /* PNCScreenSaver.swift in Sources */ = {isa = PBXBuildFile; fileRef = 2329E1E6210BC231007606A5 /* PNCScreenSaver.swift */; };
		2329E1E8210BC273007606A5 /* PNCScreenSaver.swift in Sources */ = {isa = PBXBuildFile; fileRef = 2329E1E6210BC231007606A5 /* PNCScreenSaver.swift */; };
		232E7BC1211381860021F4C7 /* PNCLogoGeometry.swift in Sources */ = {isa = PBXBuildFile; fileRef = 232E7BC0211381860021F4C7 /* PNCLogoGeometry.swift */; };
		232E7BC22113818D0021F4C7 /* PNCLogoGeometry.swift in Sources */ = {isa = PBXBuildFile; fileRef = 232E7BC0211381860021F4C7 /* PNCLogoGeometry.swift */; };
		232E7BC421138B910021F4C7 /* SCNShape+PanicSign.swift in Sources */ = {isa = PBXBuildFile; fileRef = 232E7BC321138B910021F4C7 /* SCNShape+PanicSign.swift */; };
		232E7BC521138BF30021F4C7 /* SCNShape+PanicSign.swift in Sources */ = {isa = PBXBuildFile; fileRef = 232E7BC321138B910021F4C7 /* SCNShape+PanicSign.swift */; };
		232E7BC721138DE10021F4C7 /* CGSize+PanicSign.swift in Sources */ = {isa = PBXBuildFile; fileRef = 232E7BC621138DE10021F4C7 /* CGSize+PanicSign.swift */; };
		232E7BC821138DE50021F4C7 /* CGSize+PanicSign.swift in Sources */ = {isa = PBXBuildFile; fileRef = 232E7BC621138DE10021F4C7 /* CGSize+PanicSign.swift */; };
		232E7BCB211391D50021F4C7 /* PNCPreferencesController.swift in Sources */ = {isa = PBXBuildFile; fileRef = 232E7BCA211391D50021F4C7 /* PNCPreferencesController.swift */; };
		232E7BCC211391D50021F4C7 /* PNCPreferencesController.swift in Sources */ = {isa = PBXBuildFile; fileRef = 232E7BCA211391D50021F4C7 /* PNCPreferencesController.swift */; };
		232E7BCE211391F80021F4C7 /* PNCPreferencesController.xib in Resources */ = {isa = PBXBuildFile; fileRef = 232E7BCD211391F80021F4C7 /* PNCPreferencesController.xib */; };
		232E7BCF211391F80021F4C7 /* PNCPreferencesController.xib in Resources */ = {isa = PBXBuildFile; fileRef = 232E7BCD211391F80021F4C7 /* PNCPreferencesController.xib */; };
		232E7BD1211393250021F4C7 /* PNCUserPreferences.swift in Sources */ = {isa = PBXBuildFile; fileRef = 232E7BD0211393250021F4C7 /* PNCUserPreferences.swift */; };
		232E7BD2211393250021F4C7 /* PNCUserPreferences.swift in Sources */ = {isa = PBXBuildFile; fileRef = 232E7BD0211393250021F4C7 /* PNCUserPreferences.swift */; };
		233D3F292114DA3C00FB39B8 /* Assets.xcassets in Resources */ = {isa = PBXBuildFile; fileRef = 233D3F282114DA3C00FB39B8 /* Assets.xcassets */; };
		233D3F2B2114DAA900FB39B8 /* PNCMenuItem.swift in Sources */ = {isa = PBXBuildFile; fileRef = 233D3F2A2114DAA900FB39B8 /* PNCMenuItem.swift */; };
		23619D8B2110416800C1C99E /* PNCSceneView.swift in Sources */ = {isa = PBXBuildFile; fileRef = 23619D8A2110416800C1C99E /* PNCSceneView.swift */; };
		23619D8C2110418900C1C99E /* PNCSceneView.swift in Sources */ = {isa = PBXBuildFile; fileRef = 23619D8A2110416800C1C99E /* PNCSceneView.swift */; };
		23619D8F211047DF00C1C99E /* PNCLogoNode.swift in Sources */ = {isa = PBXBuildFile; fileRef = 23619D8E211047DF00C1C99E /* PNCLogoNode.swift */; };
		23619D90211047E100C1C99E /* PNCLogoNode.swift in Sources */ = {isa = PBXBuildFile; fileRef = 23619D8E211047DF00C1C99E /* PNCLogoNode.swift */; };
		237AC668211629A100627644 /* NSImage+PanicSign.swift in Sources */ = {isa = PBXBuildFile; fileRef = 237AC667211629A100627644 /* NSImage+PanicSign.swift */; };
		237AC669211629A700627644 /* NSImage+PanicSign.swift in Sources */ = {isa = PBXBuildFile; fileRef = 237AC667211629A100627644 /* NSImage+PanicSign.swift */; };
		237AC66A21162B5400627644 /* PNCMenuItem.swift in Sources */ = {isa = PBXBuildFile; fileRef = 233D3F2A2114DAA900FB39B8 /* PNCMenuItem.swift */; };
		237AC66E2116323600627644 /* Assets.xcassets in Resources */ = {isa = PBXBuildFile; fileRef = 233D3F282114DA3C00FB39B8 /* Assets.xcassets */; };
		237AC670211632C800627644 /* NSRect+PanicSign.swift in Sources */ = {isa = PBXBuildFile; fileRef = 237AC66F211632C700627644 /* NSRect+PanicSign.swift */; };
		237AC6712116330A00627644 /* NSRect+PanicSign.swift in Sources */ = {isa = PBXBuildFile; fileRef = 237AC66F211632C700627644 /* NSRect+PanicSign.swift */; };
		237AC6732116363300627644 /* PNCUserOption.swift in Sources */ = {isa = PBXBuildFile; fileRef = 237AC6722116363300627644 /* PNCUserOption.swift */; };
		237AC6742116386500627644 /* PNCUserOption.swift in Sources */ = {isa = PBXBuildFile; fileRef = 237AC6722116363300627644 /* PNCUserOption.swift */; };
		237AC67D2116399000627644 /* PNCPathProtocol.swift in Sources */ = {isa = PBXBuildFile; fileRef = 237AC67C2116399000627644 /* PNCPathProtocol.swift */; };
		237AC67E2116399000627644 /* PNCPathProtocol.swift in Sources */ = {isa = PBXBuildFile; fileRef = 237AC67C2116399000627644 /* PNCPathProtocol.swift */; };
		237AC68021163B4E00627644 /* PNCPopUpButton.swift in Sources */ = {isa = PBXBuildFile; fileRef = 237AC67F21163B4E00627644 /* PNCPopUpButton.swift */; };
		237AC68121163B4E00627644 /* PNCPopUpButton.swift in Sources */ = {isa = PBXBuildFile; fileRef = 237AC67F21163B4E00627644 /* PNCPopUpButton.swift */; };
		237AC68321163D2700627644 /* NSPopUpButton+PanicSign.swift in Sources */ = {isa = PBXBuildFile; fileRef = 237AC68221163D2700627644 /* NSPopUpButton+PanicSign.swift */; };
		237AC68421163D2700627644 /* NSPopUpButton+PanicSign.swift in Sources */ = {isa = PBXBuildFile; fileRef = 237AC68221163D2700627644 /* NSPopUpButton+PanicSign.swift */; };
		237FB1032110CE6F004C3D14 /* NSColor+PanicSign.swift in Sources */ = {isa = PBXBuildFile; fileRef = 237FB1022110CE6F004C3D14 /* NSColor+PanicSign.swift */; };
		237FB1052110D0F7004C3D14 /* Colors.xcassets in Resources */ = {isa = PBXBuildFile; fileRef = 237FB1042110D0F7004C3D14 /* Colors.xcassets */; };
		237FB1062110D159004C3D14 /* Colors.xcassets in Resources */ = {isa = PBXBuildFile; fileRef = 237FB1042110D0F7004C3D14 /* Colors.xcassets */; };
		237FB1072110D3CB004C3D14 /* NSColor+PanicSign.swift in Sources */ = {isa = PBXBuildFile; fileRef = 237FB1022110CE6F004C3D14 /* NSColor+PanicSign.swift */; };
		237FB1092110D498004C3D14 /* SCNGeometry+PanicSign.swift in Sources */ = {isa = PBXBuildFile; fileRef = 237FB1082110D498004C3D14 /* SCNGeometry+PanicSign.swift */; };
		237FB10A2110D554004C3D14 /* SCNGeometry+PanicSign.swift in Sources */ = {isa = PBXBuildFile; fileRef = 237FB1082110D498004C3D14 /* SCNGeometry+PanicSign.swift */; };
		237FB10C2110D56C004C3D14 /* SCNView+PanicSign.swift in Sources */ = {isa = PBXBuildFile; fileRef = 237FB10B2110D56C004C3D14 /* SCNView+PanicSign.swift */; };
		237FB10D2110D570004C3D14 /* SCNView+PanicSign.swift in Sources */ = {isa = PBXBuildFile; fileRef = 237FB10B2110D56C004C3D14 /* SCNView+PanicSign.swift */; };
		237FB1102110D7E1004C3D14 /* Dictionary+PanicSign.swift in Sources */ = {isa = PBXBuildFile; fileRef = 237FB10F2110D7E1004C3D14 /* Dictionary+PanicSign.swift */; };
		237FB1112110D86A004C3D14 /* Dictionary+PanicSign.swift in Sources */ = {isa = PBXBuildFile; fileRef = 237FB10F2110D7E1004C3D14 /* Dictionary+PanicSign.swift */; };
		237FB11A2110DB6C004C3D14 /* SCNViewSetting.swift in Sources */ = {isa = PBXBuildFile; fileRef = 237FB1192110DB6C004C3D14 /* SCNViewSetting.swift */; };
		237FB11B2110DB77004C3D14 /* SCNViewSetting.swift in Sources */ = {isa = PBXBuildFile; fileRef = 237FB1192110DB6C004C3D14 /* SCNViewSetting.swift */; };
		237FB11D2110DD49004C3D14 /* SCNNode+PanicSign.swift in Sources */ = {isa = PBXBuildFile; fileRef = 237FB11C2110DD49004C3D14 /* SCNNode+PanicSign.swift */; };
		237FB11E2110DD60004C3D14 /* SCNNode+PanicSign.swift in Sources */ = {isa = PBXBuildFile; fileRef = 237FB11C2110DD49004C3D14 /* SCNNode+PanicSign.swift */; };
		237FB1222110DFFA004C3D14 /* CGFloat+PanicSign.swift in Sources */ = {isa = PBXBuildFile; fileRef = 237FB1212110DFFA004C3D14 /* CGFloat+PanicSign.swift */; };
		237FB1242110E286004C3D14 /* Int+PanicSign.swift in Sources */ = {isa = PBXBuildFile; fileRef = 237FB1232110E286004C3D14 /* Int+PanicSign.swift */; };
		237FB12A2110EE47004C3D14 /* PNCTopPath.swift in Sources */ = {isa = PBXBuildFile; fileRef = 237FB1292110EE47004C3D14 /* PNCTopPath.swift */; };
		237FB12C2110EE51004C3D14 /* PNCBottomPath.swift in Sources */ = {isa = PBXBuildFile; fileRef = 237FB12B2110EE51004C3D14 /* PNCBottomPath.swift */; };
		237FB12E2110EE5B004C3D14 /* PNCLetterPath.swift in Sources */ = {isa = PBXBuildFile; fileRef = 237FB12D2110EE5B004C3D14 /* PNCLetterPath.swift */; };
		237FB12F2110EFCA004C3D14 /* CGFloat+PanicSign.swift in Sources */ = {isa = PBXBuildFile; fileRef = 237FB1212110DFFA004C3D14 /* CGFloat+PanicSign.swift */; };
		237FB1302110EFCA004C3D14 /* Int+PanicSign.swift in Sources */ = {isa = PBXBuildFile; fileRef = 237FB1232110E286004C3D14 /* Int+PanicSign.swift */; };
		237FB1312110EFCD004C3D14 /* PNCTopPath.swift in Sources */ = {isa = PBXBuildFile; fileRef = 237FB1292110EE47004C3D14 /* PNCTopPath.swift */; };
		237FB1322110EFCD004C3D14 /* PNCBottomPath.swift in Sources */ = {isa = PBXBuildFile; fileRef = 237FB12B2110EE51004C3D14 /* PNCBottomPath.swift */; };
		237FB1332110EFCD004C3D14 /* PNCLetterPath.swift in Sources */ = {isa = PBXBuildFile; fileRef = 237FB12D2110EE5B004C3D14 /* PNCLetterPath.swift */; };
		23FA88D12108F38700B7E751 /* AppDelegate.swift in Sources */ = {isa = PBXBuildFile; fileRef = 23FA88D02108F38700B7E751 /* AppDelegate.swift */; };
		23FA88D32108F38800B7E751 /* Assets.xcassets in Resources */ = {isa = PBXBuildFile; fileRef = 23FA88D22108F38800B7E751 /* Assets.xcassets */; };
		23FA88D62108F38800B7E751 /* MainMenu.xib in Resources */ = {isa = PBXBuildFile; fileRef = 23FA88D42108F38800B7E751 /* MainMenu.xib */; };
/* End PBXBuildFile section */

/* Begin PBXFileReference section */
		2329E1E6210BC231007606A5 /* PNCScreenSaver.swift */ = {isa = PBXFileReference; lastKnownFileType = sourcecode.swift; path = PNCScreenSaver.swift; sourceTree = "<group>"; };
		232E7BC0211381860021F4C7 /* PNCLogoGeometry.swift */ = {isa = PBXFileReference; lastKnownFileType = sourcecode.swift; path = PNCLogoGeometry.swift; sourceTree = "<group>"; };
		232E7BC321138B910021F4C7 /* SCNShape+PanicSign.swift */ = {isa = PBXFileReference; lastKnownFileType = sourcecode.swift; path = "SCNShape+PanicSign.swift"; sourceTree = "<group>"; };
		232E7BC621138DE10021F4C7 /* CGSize+PanicSign.swift */ = {isa = PBXFileReference; lastKnownFileType = sourcecode.swift; path = "CGSize+PanicSign.swift"; sourceTree = "<group>"; };
		232E7BCA211391D50021F4C7 /* PNCPreferencesController.swift */ = {isa = PBXFileReference; lastKnownFileType = sourcecode.swift; path = PNCPreferencesController.swift; sourceTree = "<group>"; };
		232E7BCD211391F80021F4C7 /* PNCPreferencesController.xib */ = {isa = PBXFileReference; lastKnownFileType = file.xib; path = PNCPreferencesController.xib; sourceTree = "<group>"; };
		232E7BD0211393250021F4C7 /* PNCUserPreferences.swift */ = {isa = PBXFileReference; lastKnownFileType = sourcecode.swift; path = PNCUserPreferences.swift; sourceTree = "<group>"; };
		233D3F282114DA3C00FB39B8 /* Assets.xcassets */ = {isa = PBXFileReference; lastKnownFileType = folder.assetcatalog; path = Assets.xcassets; sourceTree = "<group>"; };
		233D3F2A2114DAA900FB39B8 /* PNCMenuItem.swift */ = {isa = PBXFileReference; lastKnownFileType = sourcecode.swift; path = PNCMenuItem.swift; sourceTree = "<group>"; };
		23619D8A2110416800C1C99E /* PNCSceneView.swift */ = {isa = PBXFileReference; lastKnownFileType = sourcecode.swift; path = PNCSceneView.swift; sourceTree = "<group>"; };
		23619D8E211047DF00C1C99E /* PNCLogoNode.swift */ = {isa = PBXFileReference; lastKnownFileType = sourcecode.swift; path = PNCLogoNode.swift; sourceTree = "<group>"; };
		237AC667211629A100627644 /* NSImage+PanicSign.swift */ = {isa = PBXFileReference; lastKnownFileType = sourcecode.swift; path = "NSImage+PanicSign.swift"; sourceTree = "<group>"; };
		237AC66F211632C700627644 /* NSRect+PanicSign.swift */ = {isa = PBXFileReference; lastKnownFileType = sourcecode.swift; path = "NSRect+PanicSign.swift"; sourceTree = "<group>"; };
		237AC6722116363300627644 /* PNCUserOption.swift */ = {isa = PBXFileReference; lastKnownFileType = sourcecode.swift; path = PNCUserOption.swift; sourceTree = "<group>"; };
		237AC67C2116399000627644 /* PNCPathProtocol.swift */ = {isa = PBXFileReference; fileEncoding = 4; lastKnownFileType = sourcecode.swift; path = PNCPathProtocol.swift; sourceTree = "<group>"; };
		237AC67F21163B4E00627644 /* PNCPopUpButton.swift */ = {isa = PBXFileReference; lastKnownFileType = sourcecode.swift; path = PNCPopUpButton.swift; sourceTree = "<group>"; };
		237AC68221163D2700627644 /* NSPopUpButton+PanicSign.swift */ = {isa = PBXFileReference; lastKnownFileType = sourcecode.swift; path = "NSPopUpButton+PanicSign.swift"; sourceTree = "<group>"; };
		237FB1022110CE6F004C3D14 /* NSColor+PanicSign.swift */ = {isa = PBXFileReference; lastKnownFileType = sourcecode.swift; path = "NSColor+PanicSign.swift"; sourceTree = "<group>"; };
		237FB1042110D0F7004C3D14 /* Colors.xcassets */ = {isa = PBXFileReference; lastKnownFileType = folder.assetcatalog; path = Colors.xcassets; sourceTree = "<group>"; };
		237FB1082110D498004C3D14 /* SCNGeometry+PanicSign.swift */ = {isa = PBXFileReference; lastKnownFileType = sourcecode.swift; path = "SCNGeometry+PanicSign.swift"; sourceTree = "<group>"; };
		237FB10B2110D56C004C3D14 /* SCNView+PanicSign.swift */ = {isa = PBXFileReference; lastKnownFileType = sourcecode.swift; path = "SCNView+PanicSign.swift"; sourceTree = "<group>"; };
		237FB10F2110D7E1004C3D14 /* Dictionary+PanicSign.swift */ = {isa = PBXFileReference; lastKnownFileType = sourcecode.swift; path = "Dictionary+PanicSign.swift"; sourceTree = "<group>"; };
		237FB1192110DB6C004C3D14 /* SCNViewSetting.swift */ = {isa = PBXFileReference; lastKnownFileType = sourcecode.swift; path = SCNViewSetting.swift; sourceTree = "<group>"; };
		237FB11C2110DD49004C3D14 /* SCNNode+PanicSign.swift */ = {isa = PBXFileReference; lastKnownFileType = sourcecode.swift; path = "SCNNode+PanicSign.swift"; sourceTree = "<group>"; };
		237FB1212110DFFA004C3D14 /* CGFloat+PanicSign.swift */ = {isa = PBXFileReference; lastKnownFileType = sourcecode.swift; path = "CGFloat+PanicSign.swift"; sourceTree = "<group>"; };
		237FB1232110E286004C3D14 /* Int+PanicSign.swift */ = {isa = PBXFileReference; lastKnownFileType = sourcecode.swift; path = "Int+PanicSign.swift"; sourceTree = "<group>"; };
		237FB1292110EE47004C3D14 /* PNCTopPath.swift */ = {isa = PBXFileReference; lastKnownFileType = sourcecode.swift; path = PNCTopPath.swift; sourceTree = "<group>"; };
		237FB12B2110EE51004C3D14 /* PNCBottomPath.swift */ = {isa = PBXFileReference; lastKnownFileType = sourcecode.swift; path = PNCBottomPath.swift; sourceTree = "<group>"; };
		237FB12D2110EE5B004C3D14 /* PNCLetterPath.swift */ = {isa = PBXFileReference; lastKnownFileType = sourcecode.swift; path = PNCLetterPath.swift; sourceTree = "<group>"; };
		23FA88BB2108EBFF00B7E751 /* Panic Sign.saver */ = {isa = PBXFileReference; explicitFileType = wrapper.cfbundle; includeInIndex = 0; path = "Panic Sign.saver"; sourceTree = BUILT_PRODUCTS_DIR; };
		23FA88C22108EBFF00B7E751 /* Info.plist */ = {isa = PBXFileReference; lastKnownFileType = text.plist.xml; path = Info.plist; sourceTree = "<group>"; };
		23FA88CE2108F38700B7E751 /* Panic Sign App.app */ = {isa = PBXFileReference; explicitFileType = wrapper.application; includeInIndex = 0; path = "Panic Sign App.app"; sourceTree = BUILT_PRODUCTS_DIR; };
		23FA88D02108F38700B7E751 /* AppDelegate.swift */ = {isa = PBXFileReference; lastKnownFileType = sourcecode.swift; path = AppDelegate.swift; sourceTree = "<group>"; };
		23FA88D22108F38800B7E751 /* Assets.xcassets */ = {isa = PBXFileReference; lastKnownFileType = folder.assetcatalog; path = Assets.xcassets; sourceTree = "<group>"; };
		23FA88D52108F38800B7E751 /* Base */ = {isa = PBXFileReference; lastKnownFileType = file.xib; name = Base; path = Base.lproj/MainMenu.xib; sourceTree = "<group>"; };
		23FA88D72108F38800B7E751 /* Info.plist */ = {isa = PBXFileReference; lastKnownFileType = text.plist.xml; path = Info.plist; sourceTree = "<group>"; };
		23FA88D82108F38800B7E751 /* PanicSign.entitlements */ = {isa = PBXFileReference; lastKnownFileType = text.plist.entitlements; path = PanicSign.entitlements; sourceTree = "<group>"; };
/* End PBXFileReference section */

/* Begin PBXFrameworksBuildPhase section */
		23FA88B82108EBFF00B7E751 /* Frameworks */ = {
			isa = PBXFrameworksBuildPhase;
			buildActionMask = 2147483647;
			files = (
			);
			runOnlyForDeploymentPostprocessing = 0;
		};
		23FA88CB2108F38700B7E751 /* Frameworks */ = {
			isa = PBXFrameworksBuildPhase;
			buildActionMask = 2147483647;
			files = (
			);
			runOnlyForDeploymentPostprocessing = 0;
		};
/* End PBXFrameworksBuildPhase section */

/* Begin PBXGroup section */
		232E7BBF2113815E0021F4C7 /* Structs */ = {
			isa = PBXGroup;
			children = (
				232E7BC0211381860021F4C7 /* PNCLogoGeometry.swift */,
				232E7BD0211393250021F4C7 /* PNCUserPreferences.swift */,
			);
			path = Structs;
			sourceTree = "<group>";
		};
		232E7BC9211391B30021F4C7 /* Preferences */ = {
			isa = PBXGroup;
			children = (
				232E7BCD211391F80021F4C7 /* PNCPreferencesController.xib */,
				232E7BCA211391D50021F4C7 /* PNCPreferencesController.swift */,
				237AC67F21163B4E00627644 /* PNCPopUpButton.swift */,
				233D3F2A2114DAA900FB39B8 /* PNCMenuItem.swift */,
			);
			path = Preferences;
			sourceTree = "<group>";
		};
		23619D8D211041FD00C1C99E /* Scene */ = {
			isa = PBXGroup;
			children = (
				23619D8E211047DF00C1C99E /* PNCLogoNode.swift */,
				23619D8A2110416800C1C99E /* PNCSceneView.swift */,
			);
			path = Scene;
			sourceTree = "<group>";
		};
		237AC67B2116399000627644 /* Protocols */ = {
			isa = PBXGroup;
			children = (
				237AC67C2116399000627644 /* PNCPathProtocol.swift */,
			);
			path = Protocols;
			sourceTree = "<group>";
		};
		237FB1012110CE44004C3D14 /* Extensions */ = {
			isa = PBXGroup;
			children = (
				237FB10F2110D7E1004C3D14 /* Dictionary+PanicSign.swift */,
				237FB1212110DFFA004C3D14 /* CGFloat+PanicSign.swift */,
				232E7BC621138DE10021F4C7 /* CGSize+PanicSign.swift */,
				237FB1232110E286004C3D14 /* Int+PanicSign.swift */,
				237FB1022110CE6F004C3D14 /* NSColor+PanicSign.swift */,
				237AC667211629A100627644 /* NSImage+PanicSign.swift */,
				237AC68221163D2700627644 /* NSPopUpButton+PanicSign.swift */,
				237AC66F211632C700627644 /* NSRect+PanicSign.swift */,
				237FB11C2110DD49004C3D14 /* SCNNode+PanicSign.swift */,
				237FB1082110D498004C3D14 /* SCNGeometry+PanicSign.swift */,
				232E7BC321138B910021F4C7 /* SCNShape+PanicSign.swift */,
				237FB10B2110D56C004C3D14 /* SCNView+PanicSign.swift */,
			);
			path = Extensions;
			sourceTree = "<group>";
		};
		237FB1182110DB29004C3D14 /* Enums */ = {
			isa = PBXGroup;
			children = (
				237AC6722116363300627644 /* PNCUserOption.swift */,
				237FB1192110DB6C004C3D14 /* SCNViewSetting.swift */,
			);
			path = Enums;
			sourceTree = "<group>";
		};
		237FB1252110EDC2004C3D14 /* Paths */ = {
			isa = PBXGroup;
			children = (
				237FB1292110EE47004C3D14 /* PNCTopPath.swift */,
				237FB12B2110EE51004C3D14 /* PNCBottomPath.swift */,
				237FB12D2110EE5B004C3D14 /* PNCLetterPath.swift */,
			);
			path = Paths;
			sourceTree = "<group>";
		};
		23FA88B12108EBFF00B7E751 = {
			isa = PBXGroup;
			children = (
				23FA88BD2108EBFF00B7E751 /* Panic Sign */,
				23FA88CF2108F38700B7E751 /* Panic Sign App */,
				23FA88BC2108EBFF00B7E751 /* Products */,
			);
			sourceTree = "<group>";
		};
		23FA88BC2108EBFF00B7E751 /* Products */ = {
			isa = PBXGroup;
			children = (
				23FA88BB2108EBFF00B7E751 /* Panic Sign.saver */,
				23FA88CE2108F38700B7E751 /* Panic Sign App.app */,
			);
			name = Products;
			sourceTree = "<group>";
		};
		23FA88BD2108EBFF00B7E751 /* Panic Sign */ = {
			isa = PBXGroup;
			children = (
				2329E1E6210BC231007606A5 /* PNCScreenSaver.swift */,
				232E7BC9211391B30021F4C7 /* Preferences */,
				23619D8D211041FD00C1C99E /* Scene */,
				237FB1252110EDC2004C3D14 /* Paths */,
				237FB1182110DB29004C3D14 /* Enums */,
				237FB1012110CE44004C3D14 /* Extensions */,
				237AC67B2116399000627644 /* Protocols */,
				232E7BBF2113815E0021F4C7 /* Structs */,
				23FA88DD2108F42000B7E751 /* Resources */,
			);
			path = "Panic Sign";
			sourceTree = "<group>";
		};
		23FA88CF2108F38700B7E751 /* Panic Sign App */ = {
			isa = PBXGroup;
			children = (
				23FA88D02108F38700B7E751 /* AppDelegate.swift */,
				23FA88DC2108F39700B7E751 /* Resources */,
			);
			path = "Panic Sign App";
			sourceTree = "<group>";
		};
		23FA88DC2108F39700B7E751 /* Resources */ = {
			isa = PBXGroup;
			children = (
				23FA88D72108F38800B7E751 /* Info.plist */,
				23FA88D22108F38800B7E751 /* Assets.xcassets */,
				23FA88D42108F38800B7E751 /* MainMenu.xib */,
				23FA88D82108F38800B7E751 /* PanicSign.entitlements */,
			);
			path = Resources;
			sourceTree = "<group>";
		};
		23FA88DD2108F42000B7E751 /* Resources */ = {
			isa = PBXGroup;
			children = (
				233D3F282114DA3C00FB39B8 /* Assets.xcassets */,
				237FB1042110D0F7004C3D14 /* Colors.xcassets */,
				23FA88C22108EBFF00B7E751 /* Info.plist */,
			);
			path = Resources;
			sourceTree = "<group>";
		};
/* End PBXGroup section */

/* Begin PBXHeadersBuildPhase section */
		23FA88B62108EBFF00B7E751 /* Headers */ = {
			isa = PBXHeadersBuildPhase;
			buildActionMask = 2147483647;
			files = (
			);
			runOnlyForDeploymentPostprocessing = 0;
		};
/* End PBXHeadersBuildPhase section */

/* Begin PBXNativeTarget section */
		23FA88BA2108EBFF00B7E751 /* Panic Sign */ = {
			isa = PBXNativeTarget;
			buildConfigurationList = 23FA88C52108EBFF00B7E751 /* Build configuration list for PBXNativeTarget "Panic Sign" */;
			buildPhases = (
				23FA88B62108EBFF00B7E751 /* Headers */,
				23FA88B72108EBFF00B7E751 /* Sources */,
				23FA88B82108EBFF00B7E751 /* Frameworks */,
				23FA88B92108EBFF00B7E751 /* Resources */,
			);
			buildRules = (
			);
			dependencies = (
			);
			name = "Panic Sign";
			productName = "Panic Sign";
			productReference = 23FA88BB2108EBFF00B7E751 /* Panic Sign.saver */;
			productType = "com.apple.product-type.bundle";
		};
		23FA88CD2108F38700B7E751 /* Panic Sign App */ = {
			isa = PBXNativeTarget;
			buildConfigurationList = 23FA88D92108F38800B7E751 /* Build configuration list for PBXNativeTarget "Panic Sign App" */;
			buildPhases = (
				23FA88CA2108F38700B7E751 /* Sources */,
				23FA88CB2108F38700B7E751 /* Frameworks */,
				23FA88CC2108F38700B7E751 /* Resources */,
			);
			buildRules = (
			);
			dependencies = (
			);
			name = "Panic Sign App";
			productName = "Panic Sign App";
			productReference = 23FA88CE2108F38700B7E751 /* Panic Sign App.app */;
			productType = "com.apple.product-type.application";
		};
/* End PBXNativeTarget section */

/* Begin PBXProject section */
		23FA88B22108EBFF00B7E751 /* Project object */ = {
			isa = PBXProject;
			attributes = {
				LastSwiftUpdateCheck = 1000;
				LastUpgradeCheck = 1000;
				ORGANIZATIONNAME = "Rally Cat";
				TargetAttributes = {
					23FA88BA2108EBFF00B7E751 = {
						CreatedOnToolsVersion = 10.0;
						LastSwiftMigration = 1000;
					};
					23FA88CD2108F38700B7E751 = {
						CreatedOnToolsVersion = 10.0;
					};
				};
			};
			buildConfigurationList = 23FA88B52108EBFF00B7E751 /* Build configuration list for PBXProject "Panic Sign" */;
			compatibilityVersion = "Xcode 9.3";
			developmentRegion = en;
			hasScannedForEncodings = 0;
			knownRegions = (
				en,
				Base,
			);
			mainGroup = 23FA88B12108EBFF00B7E751;
			productRefGroup = 23FA88BC2108EBFF00B7E751 /* Products */;
			projectDirPath = "";
			projectRoot = "";
			targets = (
				23FA88BA2108EBFF00B7E751 /* Panic Sign */,
				23FA88CD2108F38700B7E751 /* Panic Sign App */,
			);
		};
/* End PBXProject section */

/* Begin PBXResourcesBuildPhase section */
		23FA88B92108EBFF00B7E751 /* Resources */ = {
			isa = PBXResourcesBuildPhase;
			buildActionMask = 2147483647;
			files = (
				232E7BCE211391F80021F4C7 /* PNCPreferencesController.xib in Resources */,
				233D3F292114DA3C00FB39B8 /* Assets.xcassets in Resources */,
				237FB1052110D0F7004C3D14 /* Colors.xcassets in Resources */,
			);
			runOnlyForDeploymentPostprocessing = 0;
		};
		23FA88CC2108F38700B7E751 /* Resources */ = {
			isa = PBXResourcesBuildPhase;
			buildActionMask = 2147483647;
			files = (
				232E7BCF211391F80021F4C7 /* PNCPreferencesController.xib in Resources */,
				237FB1062110D159004C3D14 /* Colors.xcassets in Resources */,
				23FA88D32108F38800B7E751 /* Assets.xcassets in Resources */,
				23FA88D62108F38800B7E751 /* MainMenu.xib in Resources */,
				237AC66E2116323600627644 /* Assets.xcassets in Resources */,
			);
			runOnlyForDeploymentPostprocessing = 0;
		};
/* End PBXResourcesBuildPhase section */

/* Begin PBXSourcesBuildPhase section */
		23FA88B72108EBFF00B7E751 /* Sources */ = {
			isa = PBXSourcesBuildPhase;
			buildActionMask = 2147483647;
			files = (
				237AC67D2116399000627644 /* PNCPathProtocol.swift in Sources */,
				237FB1092110D498004C3D14 /* SCNGeometry+PanicSign.swift in Sources */,
				237FB12C2110EE51004C3D14 /* PNCBottomPath.swift in Sources */,
				232E7BC421138B910021F4C7 /* SCNShape+PanicSign.swift in Sources */,
				237FB1102110D7E1004C3D14 /* Dictionary+PanicSign.swift in Sources */,
				23619D8F211047DF00C1C99E /* PNCLogoNode.swift in Sources */,
				2329E1E7210BC231007606A5 /* PNCScreenSaver.swift in Sources */,
				237FB11A2110DB6C004C3D14 /* SCNViewSetting.swift in Sources */,
				232E7BC1211381860021F4C7 /* PNCLogoGeometry.swift in Sources */,
				237FB1242110E286004C3D14 /* Int+PanicSign.swift in Sources */,
				237AC668211629A100627644 /* NSImage+PanicSign.swift in Sources */,
				237FB1032110CE6F004C3D14 /* NSColor+PanicSign.swift in Sources */,
				237FB12E2110EE5B004C3D14 /* PNCLetterPath.swift in Sources */,
				237FB12A2110EE47004C3D14 /* PNCTopPath.swift in Sources */,
				237AC68321163D2700627644 /* NSPopUpButton+PanicSign.swift in Sources */,
				237AC670211632C800627644 /* NSRect+PanicSign.swift in Sources */,
				233D3F2B2114DAA900FB39B8 /* PNCMenuItem.swift in Sources */,
				237AC6732116363300627644 /* PNCUserOption.swift in Sources */,
				237FB10C2110D56C004C3D14 /* SCNView+PanicSign.swift in Sources */,
				237FB1222110DFFA004C3D14 /* CGFloat+PanicSign.swift in Sources */,
				232E7BCB211391D50021F4C7 /* PNCPreferencesController.swift in Sources */,
				23619D8B2110416800C1C99E /* PNCSceneView.swift in Sources */,
				232E7BD1211393250021F4C7 /* PNCUserPreferences.swift in Sources */,
				237FB11D2110DD49004C3D14 /* SCNNode+PanicSign.swift in Sources */,
				237AC68021163B4E00627644 /* PNCPopUpButton.swift in Sources */,
				232E7BC721138DE10021F4C7 /* CGSize+PanicSign.swift in Sources */,
			);
			runOnlyForDeploymentPostprocessing = 0;
		};
		23FA88CA2108F38700B7E751 /* Sources */ = {
			isa = PBXSourcesBuildPhase;
			buildActionMask = 2147483647;
			files = (
				232E7BCC211391D50021F4C7 /* PNCPreferencesController.swift in Sources */,
				237FB10D2110D570004C3D14 /* SCNView+PanicSign.swift in Sources */,
				232E7BC821138DE50021F4C7 /* CGSize+PanicSign.swift in Sources */,
				23FA88D12108F38700B7E751 /* AppDelegate.swift in Sources */,
				237FB1322110EFCD004C3D14 /* PNCBottomPath.swift in Sources */,
				2329E1E8210BC273007606A5 /* PNCScreenSaver.swift in Sources */,
				237AC68121163B4E00627644 /* PNCPopUpButton.swift in Sources */,
				237FB1312110EFCD004C3D14 /* PNCTopPath.swift in Sources */,
				237FB1112110D86A004C3D14 /* Dictionary+PanicSign.swift in Sources */,
				237AC67E2116399000627644 /* PNCPathProtocol.swift in Sources */,
				237AC669211629A700627644 /* NSImage+PanicSign.swift in Sources */,
				237FB1072110D3CB004C3D14 /* NSColor+PanicSign.swift in Sources */,
				237FB1332110EFCD004C3D14 /* PNCLetterPath.swift in Sources */,
				237FB11B2110DB77004C3D14 /* SCNViewSetting.swift in Sources */,
				232E7BC521138BF30021F4C7 /* SCNShape+PanicSign.swift in Sources */,
				232E7BD2211393250021F4C7 /* PNCUserPreferences.swift in Sources */,
				237AC6712116330A00627644 /* NSRect+PanicSign.swift in Sources */,
				232E7BC22113818D0021F4C7 /* PNCLogoGeometry.swift in Sources */,
				237FB1302110EFCA004C3D14 /* Int+PanicSign.swift in Sources */,
				237AC66A21162B5400627644 /* PNCMenuItem.swift in Sources */,
				23619D90211047E100C1C99E /* PNCLogoNode.swift in Sources */,
				23619D8C2110418900C1C99E /* PNCSceneView.swift in Sources */,
				237AC6742116386500627644 /* PNCUserOption.swift in Sources */,
				237FB12F2110EFCA004C3D14 /* CGFloat+PanicSign.swift in Sources */,
				237FB10A2110D554004C3D14 /* SCNGeometry+PanicSign.swift in Sources */,
				237AC68421163D2700627644 /* NSPopUpButton+PanicSign.swift in Sources */,
				237FB11E2110DD60004C3D14 /* SCNNode+PanicSign.swift in Sources */,
			);
			runOnlyForDeploymentPostprocessing = 0;
		};
/* End PBXSourcesBuildPhase section */

/* Begin PBXVariantGroup section */
		23FA88D42108F38800B7E751 /* MainMenu.xib */ = {
			isa = PBXVariantGroup;
			children = (
				23FA88D52108F38800B7E751 /* Base */,
			);
			name = MainMenu.xib;
			sourceTree = "<group>";
		};
/* End PBXVariantGroup section */

/* Begin XCBuildConfiguration section */
		23FA88C32108EBFF00B7E751 /* Debug */ = {
			isa = XCBuildConfiguration;
			buildSettings = {
				ALWAYS_SEARCH_USER_PATHS = NO;
				CLANG_ANALYZER_NONNULL = YES;
				CLANG_ANALYZER_NUMBER_OBJECT_CONVERSION = YES_AGGRESSIVE;
				CLANG_CXX_LANGUAGE_STANDARD = "gnu++14";
				CLANG_CXX_LIBRARY = "libc++";
				CLANG_ENABLE_MODULES = YES;
				CLANG_ENABLE_OBJC_ARC = YES;
				CLANG_ENABLE_OBJC_WEAK = YES;
				CLANG_WARN_BLOCK_CAPTURE_AUTORELEASING = YES;
				CLANG_WARN_BOOL_CONVERSION = YES;
				CLANG_WARN_COMMA = YES;
				CLANG_WARN_CONSTANT_CONVERSION = YES;
				CLANG_WARN_DEPRECATED_OBJC_IMPLEMENTATIONS = YES;
				CLANG_WARN_DIRECT_OBJC_ISA_USAGE = YES_ERROR;
				CLANG_WARN_DOCUMENTATION_COMMENTS = YES;
				CLANG_WARN_EMPTY_BODY = YES;
				CLANG_WARN_ENUM_CONVERSION = YES;
				CLANG_WARN_INFINITE_RECURSION = YES;
				CLANG_WARN_INT_CONVERSION = YES;
				CLANG_WARN_NON_LITERAL_NULL_CONVERSION = YES;
				CLANG_WARN_OBJC_IMPLICIT_RETAIN_SELF = YES;
				CLANG_WARN_OBJC_LITERAL_CONVERSION = YES;
				CLANG_WARN_OBJC_ROOT_CLASS = YES_ERROR;
				CLANG_WARN_RANGE_LOOP_ANALYSIS = YES;
				CLANG_WARN_STRICT_PROTOTYPES = YES;
				CLANG_WARN_SUSPICIOUS_MOVE = YES;
				CLANG_WARN_UNGUARDED_AVAILABILITY = YES_AGGRESSIVE;
				CLANG_WARN_UNREACHABLE_CODE = YES;
				CLANG_WARN__DUPLICATE_METHOD_MATCH = YES;
				CODE_SIGN_IDENTITY = "Mac Developer";
				COPY_PHASE_STRIP = NO;
				DEBUG_INFORMATION_FORMAT = dwarf;
				ENABLE_STRICT_OBJC_MSGSEND = YES;
				ENABLE_TESTABILITY = YES;
				GCC_C_LANGUAGE_STANDARD = gnu11;
				GCC_DYNAMIC_NO_PIC = NO;
				GCC_NO_COMMON_BLOCKS = YES;
				GCC_OPTIMIZATION_LEVEL = 0;
				GCC_PREPROCESSOR_DEFINITIONS = (
					"DEBUG=1",
					"$(inherited)",
				);
				GCC_WARN_64_TO_32_BIT_CONVERSION = YES;
				GCC_WARN_ABOUT_RETURN_TYPE = YES_ERROR;
				GCC_WARN_UNDECLARED_SELECTOR = YES;
				GCC_WARN_UNINITIALIZED_AUTOS = YES_AGGRESSIVE;
				GCC_WARN_UNUSED_FUNCTION = YES;
				GCC_WARN_UNUSED_VARIABLE = YES;
				MACOSX_DEPLOYMENT_TARGET = 10.13;
				MTL_ENABLE_DEBUG_INFO = INCLUDE_SOURCE;
				MTL_FAST_MATH = YES;
				ONLY_ACTIVE_ARCH = YES;
				SDKROOT = macosx;
			};
			name = Debug;
		};
		23FA88C42108EBFF00B7E751 /* Release */ = {
			isa = XCBuildConfiguration;
			buildSettings = {
				ALWAYS_SEARCH_USER_PATHS = NO;
				CLANG_ANALYZER_NONNULL = YES;
				CLANG_ANALYZER_NUMBER_OBJECT_CONVERSION = YES_AGGRESSIVE;
				CLANG_CXX_LANGUAGE_STANDARD = "gnu++14";
				CLANG_CXX_LIBRARY = "libc++";
				CLANG_ENABLE_MODULES = YES;
				CLANG_ENABLE_OBJC_ARC = YES;
				CLANG_ENABLE_OBJC_WEAK = YES;
				CLANG_WARN_BLOCK_CAPTURE_AUTORELEASING = YES;
				CLANG_WARN_BOOL_CONVERSION = YES;
				CLANG_WARN_COMMA = YES;
				CLANG_WARN_CONSTANT_CONVERSION = YES;
				CLANG_WARN_DEPRECATED_OBJC_IMPLEMENTATIONS = YES;
				CLANG_WARN_DIRECT_OBJC_ISA_USAGE = YES_ERROR;
				CLANG_WARN_DOCUMENTATION_COMMENTS = YES;
				CLANG_WARN_EMPTY_BODY = YES;
				CLANG_WARN_ENUM_CONVERSION = YES;
				CLANG_WARN_INFINITE_RECURSION = YES;
				CLANG_WARN_INT_CONVERSION = YES;
				CLANG_WARN_NON_LITERAL_NULL_CONVERSION = YES;
				CLANG_WARN_OBJC_IMPLICIT_RETAIN_SELF = YES;
				CLANG_WARN_OBJC_LITERAL_CONVERSION = YES;
				CLANG_WARN_OBJC_ROOT_CLASS = YES_ERROR;
				CLANG_WARN_RANGE_LOOP_ANALYSIS = YES;
				CLANG_WARN_STRICT_PROTOTYPES = YES;
				CLANG_WARN_SUSPICIOUS_MOVE = YES;
				CLANG_WARN_UNGUARDED_AVAILABILITY = YES_AGGRESSIVE;
				CLANG_WARN_UNREACHABLE_CODE = YES;
				CLANG_WARN__DUPLICATE_METHOD_MATCH = YES;
				CODE_SIGN_IDENTITY = "Mac Developer";
				COPY_PHASE_STRIP = NO;
				DEBUG_INFORMATION_FORMAT = "dwarf-with-dsym";
				ENABLE_NS_ASSERTIONS = NO;
				ENABLE_STRICT_OBJC_MSGSEND = YES;
				GCC_C_LANGUAGE_STANDARD = gnu11;
				GCC_NO_COMMON_BLOCKS = YES;
				GCC_WARN_64_TO_32_BIT_CONVERSION = YES;
				GCC_WARN_ABOUT_RETURN_TYPE = YES_ERROR;
				GCC_WARN_UNDECLARED_SELECTOR = YES;
				GCC_WARN_UNINITIALIZED_AUTOS = YES_AGGRESSIVE;
				GCC_WARN_UNUSED_FUNCTION = YES;
				GCC_WARN_UNUSED_VARIABLE = YES;
				MACOSX_DEPLOYMENT_TARGET = 10.13;
				MTL_ENABLE_DEBUG_INFO = NO;
				MTL_FAST_MATH = YES;
				SDKROOT = macosx;
			};
			name = Release;
		};
		23FA88C62108EBFF00B7E751 /* Debug */ = {
			isa = XCBuildConfiguration;
			buildSettings = {
				ALWAYS_EMBED_SWIFT_STANDARD_LIBRARIES = YES;
				CLANG_ENABLE_MODULES = YES;
				CODE_SIGN_STYLE = Automatic;
				COMBINE_HIDPI_IMAGES = YES;
				DEVELOPMENT_TEAM = 4LP4G3EK3N;
				INFOPLIST_FILE = "$(SRCROOT)/Panic Sign/Resources/Info.plist";
				INSTALL_PATH = "$(HOME)/Library/Screen Savers";
				LD_RUNPATH_SEARCH_PATHS = (
					"$(inherited)",
					"@executable_path/../Frameworks",
					"@loader_path/../Frameworks",
				);
				PRODUCT_BUNDLE_IDENTIFIER = "com.rally-cat.panic-sign";
				PRODUCT_MODULE_NAME = PanicSign;
				PRODUCT_NAME = "$(TARGET_NAME)";
				SWIFT_OPTIMIZATION_LEVEL = "-Onone";
				SWIFT_VERSION = 4.2;
				WRAPPER_EXTENSION = saver;
			};
			name = Debug;
		};
		23FA88C72108EBFF00B7E751 /* Release */ = {
			isa = XCBuildConfiguration;
			buildSettings = {
				ALWAYS_EMBED_SWIFT_STANDARD_LIBRARIES = YES;
				CLANG_ENABLE_MODULES = YES;
				CODE_SIGN_STYLE = Automatic;
				COMBINE_HIDPI_IMAGES = YES;
				DEVELOPMENT_TEAM = 4LP4G3EK3N;
				INFOPLIST_FILE = "$(SRCROOT)/Panic Sign/Resources/Info.plist";
				INSTALL_PATH = "$(HOME)/Library/Screen Savers";
				LD_RUNPATH_SEARCH_PATHS = (
					"$(inherited)",
					"@executable_path/../Frameworks",
					"@loader_path/../Frameworks",
				);
				PRODUCT_BUNDLE_IDENTIFIER = "com.rally-cat.panic-sign";
				PRODUCT_MODULE_NAME = PanicSign;
				PRODUCT_NAME = "$(TARGET_NAME)";
				SWIFT_VERSION = 4.2;
				WRAPPER_EXTENSION = saver;
			};
			name = Release;
		};
		23FA88DA2108F38800B7E751 /* Debug */ = {
			isa = XCBuildConfiguration;
			buildSettings = {
				ASSETCATALOG_COMPILER_APPICON_NAME = AppIcon;
				CODE_SIGN_ENTITLEMENTS = "Panic Sign App/Resources/PanicSign.entitlements";
				CODE_SIGN_STYLE = Automatic;
				COMBINE_HIDPI_IMAGES = YES;
				DEVELOPMENT_TEAM = 4LP4G3EK3N;
				INFOPLIST_FILE = "$(SRCROOT)/Panic Sign App/Resources/Info.plist";
				LD_RUNPATH_SEARCH_PATHS = (
					"$(inherited)",
					"@executable_path/../Frameworks",
				);
				PRODUCT_BUNDLE_IDENTIFIER = "com.rally-cat.panic-sign-app";
				PRODUCT_NAME = "$(TARGET_NAME)";
				SWIFT_ACTIVE_COMPILATION_CONDITIONS = DEBUG;
				SWIFT_OPTIMIZATION_LEVEL = "-Onone";
				SWIFT_VERSION = 4.2;
			};
			name = Debug;
		};
		23FA88DB2108F38800B7E751 /* Release */ = {
			isa = XCBuildConfiguration;
			buildSettings = {
				ASSETCATALOG_COMPILER_APPICON_NAME = AppIcon;
				CODE_SIGN_ENTITLEMENTS = "Panic Sign App/Resources/PanicSign.entitlements";
				CODE_SIGN_STYLE = Automatic;
				COMBINE_HIDPI_IMAGES = YES;
				DEVELOPMENT_TEAM = 4LP4G3EK3N;
				INFOPLIST_FILE = "$(SRCROOT)/Panic Sign App/Resources/Info.plist";
				LD_RUNPATH_SEARCH_PATHS = (
					"$(inherited)",
					"@executable_path/../Frameworks",
				);
				PRODUCT_BUNDLE_IDENTIFIER = "com.rally-cat.panic-sign-app";
				PRODUCT_NAME = "$(TARGET_NAME)";
				SWIFT_COMPILATION_MODE = wholemodule;
				SWIFT_OPTIMIZATION_LEVEL = "-O";
				SWIFT_VERSION = 4.2;
			};
			name = Release;
		};
/* End XCBuildConfiguration section */

/* Begin XCConfigurationList section */
		23FA88B52108EBFF00B7E751 /* Build configuration list for PBXProject "Panic Sign" */ = {
			isa = XCConfigurationList;
			buildConfigurations = (
				23FA88C32108EBFF00B7E751 /* Debug */,
				23FA88C42108EBFF00B7E751 /* Release */,
			);
			defaultConfigurationIsVisible = 0;
			defaultConfigurationName = Release;
		};
		23FA88C52108EBFF00B7E751 /* Build configuration list for PBXNativeTarget "Panic Sign" */ = {
			isa = XCConfigurationList;
			buildConfigurations = (
				23FA88C62108EBFF00B7E751 /* Debug */,
				23FA88C72108EBFF00B7E751 /* Release */,
			);
			defaultConfigurationIsVisible = 0;
			defaultConfigurationName = Release;
		};
		23FA88D92108F38800B7E751 /* Build configuration list for PBXNativeTarget "Panic Sign App" */ = {
			isa = XCConfigurationList;
			buildConfigurations = (
				23FA88DA2108F38800B7E751 /* Debug */,
				23FA88DB2108F38800B7E751 /* Release */,
			);
			defaultConfigurationIsVisible = 0;
			defaultConfigurationName = Release;
		};
/* End XCConfigurationList section */
	};
	rootObject = 23FA88B22108EBFF00B7E751 /* Project object */;
}
